# This file is automatically @generated by Cargo.
# It is not intended for manual editing.
version = 3

[[package]]
name = "aho-corasick"
version = "1.1.2"
source = "registry+https://github.com/rust-lang/crates.io-index"
checksum = "b2969dcb958b36655471fc61f7e416fa76033bdd4bfed0678d8fee1e2d07a1f0"
dependencies = [
 "memchr",
]

[[package]]
name = "bitflags"
version = "2.4.1"
source = "registry+https://github.com/rust-lang/crates.io-index"
checksum = "327762f6e5a765692301e5bb513e0d9fef63be86bbc14528052b1cd3e6f03e07"

[[package]]
name = "colored"
version = "2.0.4"
source = "registry+https://github.com/rust-lang/crates.io-index"
checksum = "2674ec482fbc38012cf31e6c42ba0177b431a0cb6f15fe40efa5aab1bda516f6"
dependencies = [
 "is-terminal",
 "lazy_static",
 "windows-sys",
]

[[package]]
name = "diag-convert"
version = "0.1.0"
dependencies = [
 "colored",
 "fluent",
 "fluent-bundle",
 "fluent-syntax",
 "proc-macro2",
 "quote",
 "regex",
 "serde_json",
 "syn 2.0.39",
 "unic-langid",
]

[[package]]
name = "displaydoc"
version = "0.2.4"
source = "registry+https://github.com/rust-lang/crates.io-index"
checksum = "487585f4d0c6655fe74905e2504d8ad6908e4db67f744eb140876906c2f3175d"
dependencies = [
 "proc-macro2",
 "quote",
 "syn 2.0.39",
]

[[package]]
name = "errno"
version = "0.3.6"
source = "registry+https://github.com/rust-lang/crates.io-index"
checksum = "7c18ee0ed65a5f1f81cac6b1d213b69c35fa47d4252ad41f1486dbd8226fe36e"
dependencies = [
 "libc",
 "windows-sys",
]

[[package]]
name = "fluent"
version = "0.16.0"
source = "registry+https://github.com/rust-lang/crates.io-index"
checksum = "61f69378194459db76abd2ce3952b790db103ceb003008d3d50d97c41ff847a7"
dependencies = [
 "fluent-bundle",
 "unic-langid",
]

[[package]]
name = "fluent-bundle"
version = "0.15.2"
source = "registry+https://github.com/rust-lang/crates.io-index"
checksum = "e242c601dec9711505f6d5bbff5bedd4b61b2469f2e8bb8e57ee7c9747a87ffd"
dependencies = [
 "fluent-langneg",
 "fluent-syntax",
 "intl-memoizer",
 "intl_pluralrules",
 "rustc-hash",
 "self_cell",
 "smallvec",
 "unic-langid",
]

[[package]]
name = "fluent-langneg"
version = "0.13.0"
source = "registry+https://github.com/rust-lang/crates.io-index"
checksum = "2c4ad0989667548f06ccd0e306ed56b61bd4d35458d54df5ec7587c0e8ed5e94"
dependencies = [
 "unic-langid",
]

[[package]]
name = "fluent-syntax"
version = "0.11.0"
source = "registry+https://github.com/rust-lang/crates.io-index"
checksum = "c0abed97648395c902868fee9026de96483933faa54ea3b40d652f7dfe61ca78"
dependencies = [
 "thiserror",
]

[[package]]
name = "hermit-abi"
version = "0.3.3"
source = "registry+https://github.com/rust-lang/crates.io-index"
checksum = "d77f7ec81a6d05a3abb01ab6eb7590f6083d08449fe5a1c8b1e620283546ccb7"

[[package]]
name = "intl-memoizer"
version = "0.5.1"
source = "registry+https://github.com/rust-lang/crates.io-index"
checksum = "c310433e4a310918d6ed9243542a6b83ec1183df95dff8f23f87bb88a264a66f"
dependencies = [
 "type-map",
 "unic-langid",
]

[[package]]
name = "intl_pluralrules"
version = "7.0.2"
source = "registry+https://github.com/rust-lang/crates.io-index"
checksum = "078ea7b7c29a2b4df841a7f6ac8775ff6074020c6776d48491ce2268e068f972"
dependencies = [
 "unic-langid",
]

[[package]]
name = "is-terminal"
version = "0.4.9"
source = "registry+https://github.com/rust-lang/crates.io-index"
checksum = "cb0889898416213fab133e1d33a0e5858a48177452750691bde3666d0fdbaf8b"
dependencies = [
 "hermit-abi",
 "rustix",
 "windows-sys",
]

[[package]]
name = "itoa"
version = "1.0.9"
source = "registry+https://github.com/rust-lang/crates.io-index"
checksum = "af150ab688ff2122fcef229be89cb50dd66af9e01a4ff320cc137eecc9bacc38"

[[package]]
name = "lazy_static"
version = "1.4.0"
source = "registry+https://github.com/rust-lang/crates.io-index"
checksum = "e2abad23fbc42b3700f2f279844dc832adb2b2eb069b2df918f455c4e18cc646"

[[package]]
name = "libc"
version = "0.2.150"
source = "registry+https://github.com/rust-lang/crates.io-index"
checksum = "89d92a4743f9a61002fae18374ed11e7973f530cb3a3255fb354818118b2203c"

[[package]]
name = "linux-raw-sys"
version = "0.4.11"
source = "registry+https://github.com/rust-lang/crates.io-index"
checksum = "969488b55f8ac402214f3f5fd243ebb7206cf82de60d3172994707a4bcc2b829"

[[package]]
name = "memchr"
version = "2.6.4"
source = "registry+https://github.com/rust-lang/crates.io-index"
checksum = "f665ee40bc4a3c5590afb1e9677db74a508659dfd71e126420da8274909a0167"

[[package]]
name = "proc-macro-hack"
version = "0.5.20+deprecated"
source = "registry+https://github.com/rust-lang/crates.io-index"
checksum = "dc375e1527247fe1a97d8b7156678dfe7c1af2fc075c9a4db3690ecd2a148068"

[[package]]
name = "proc-macro2"
version = "1.0.69"
source = "registry+https://github.com/rust-lang/crates.io-index"
checksum = "134c189feb4956b20f6f547d2cf727d4c0fe06722b20a0eec87ed445a97f92da"
dependencies = [
 "unicode-ident",
]

[[package]]
name = "quote"
version = "1.0.33"
source = "registry+https://github.com/rust-lang/crates.io-index"
checksum = "5267fca4496028628a95160fc423a33e8b2e6af8a5302579e322e4b520293cae"
dependencies = [
 "proc-macro2",
]

[[package]]
name = "regex"
version = "1.10.2"
source = "registry+https://github.com/rust-lang/crates.io-index"
checksum = "380b951a9c5e80ddfd6136919eef32310721aa4aacd4889a8d39124b026ab343"
dependencies = [
 "aho-corasick",
 "memchr",
 "regex-automata",
 "regex-syntax",
]

[[package]]
name = "regex-automata"
version = "0.4.3"
source = "registry+https://github.com/rust-lang/crates.io-index"
checksum = "5f804c7828047e88b2d32e2d7fe5a105da8ee3264f01902f796c8e067dc2483f"
dependencies = [
 "aho-corasick",
 "memchr",
 "regex-syntax",
]

[[package]]
name = "regex-syntax"
version = "0.8.2"
source = "registry+https://github.com/rust-lang/crates.io-index"
checksum = "c08c74e62047bb2de4ff487b251e4a92e24f48745648451635cec7d591162d9f"

[[package]]
name = "rustc-hash"
version = "1.1.0"
source = "registry+https://github.com/rust-lang/crates.io-index"
checksum = "08d43f7aa6b08d49f382cde6a7982047c3426db949b1424bc4b7ec9ae12c6ce2"

[[package]]
name = "rustix"
version = "0.38.21"
source = "registry+https://github.com/rust-lang/crates.io-index"
checksum = "2b426b0506e5d50a7d8dafcf2e81471400deb602392c7dd110815afb4eaf02a3"
dependencies = [
 "bitflags",
 "errno",
 "libc",
 "linux-raw-sys",
 "windows-sys",
]

[[package]]
name = "ryu"
version = "1.0.15"
source = "registry+https://github.com/rust-lang/crates.io-index"
checksum = "1ad4cc8da4ef723ed60bced201181d83791ad433213d8c24efffda1eec85d741"

[[package]]
name = "self_cell"
version = "0.10.2"
source = "registry+https://github.com/rust-lang/crates.io-index"
checksum = "1ef965a420fe14fdac7dd018862966a4c14094f900e1650bbc71ddd7d580c8af"

[[package]]
name = "serde"
version = "1.0.192"
source = "registry+https://github.com/rust-lang/crates.io-index"
checksum = "bca2a08484b285dcb282d0f67b26cadc0df8b19f8c12502c13d966bf9482f001"
dependencies = [
 "serde_derive",
]

[[package]]
name = "serde_derive"
version = "1.0.192"
source = "registry+https://github.com/rust-lang/crates.io-index"
checksum = "d6c7207fbec9faa48073f3e3074cbe553af6ea512d7c21ba46e434e70ea9fbc1"
dependencies = [
 "proc-macro2",
 "quote",
 "syn 2.0.39",
]

[[package]]
name = "serde_json"
version = "1.0.108"
source = "registry+https://github.com/rust-lang/crates.io-index"
checksum = "3d1c7e3eac408d115102c4c24ad393e0821bb3a5df4d506a80f85f7a742a526b"
dependencies = [
 "itoa",
 "ryu",
 "serde",
]

[[package]]
name = "smallvec"
version = "1.11.1"
source = "registry+https://github.com/rust-lang/crates.io-index"
checksum = "942b4a808e05215192e39f4ab80813e599068285906cc91aa64f923db842bd5a"

[[package]]
name = "syn"
version = "1.0.109"
source = "registry+https://github.com/rust-lang/crates.io-index"
checksum = "72b64191b275b66ffe2469e8af2c1cfe3bafa67b529ead792a6d0160888b4237"
dependencies = [
 "proc-macro2",
 "quote",
 "unicode-ident",
]

[[package]]
name = "syn"
version = "2.0.39"
source = "registry+https://github.com/rust-lang/crates.io-index"
checksum = "23e78b90f2fcf45d3e842032ce32e3f2d1545ba6636271dcbf24fa306d87be7a"
dependencies = [
 "proc-macro2",
 "quote",
 "unicode-ident",
]

[[package]]
name = "thiserror"
version = "1.0.50"
source = "registry+https://github.com/rust-lang/crates.io-index"
checksum = "f9a7210f5c9a7156bb50aa36aed4c95afb51df0df00713949448cf9e97d382d2"
dependencies = [
 "thiserror-impl",
]

[[package]]
name = "thiserror-impl"
version = "1.0.50"
source = "registry+https://github.com/rust-lang/crates.io-index"
checksum = "266b2e40bc00e5a6c09c3584011e08b06f123c00362c92b975ba9843aaaa14b8"
dependencies = [
 "proc-macro2",
 "quote",
 "syn 2.0.39",
]

[[package]]
name = "tinystr"
version = "0.7.4"
source = "registry+https://github.com/rust-lang/crates.io-index"
checksum = "d5d0e245e80bdc9b4e5356fc45a72184abbc3861992603f515270e9340f5a219"
dependencies = [
 "displaydoc",
]

[[package]]
name = "type-map"
version = "0.4.0"
source = "registry+https://github.com/rust-lang/crates.io-index"
checksum = "b6d3364c5e96cb2ad1603037ab253ddd34d7fb72a58bdddf4b7350760fc69a46"
dependencies = [
 "rustc-hash",
]

[[package]]
name = "unic-langid"
version = "0.9.1"
source = "registry+https://github.com/rust-lang/crates.io-index"
checksum = "398f9ad7239db44fd0f80fe068d12ff22d78354080332a5077dc6f52f14dcf2f"
dependencies = [
 "unic-langid-impl",
 "unic-langid-macros",
]

[[package]]
name = "unic-langid-impl"
version = "0.9.1"
source = "registry+https://github.com/rust-lang/crates.io-index"
checksum = "e35bfd2f2b8796545b55d7d3fd3e89a0613f68a0d1c8bc28cb7ff96b411a35ff"
dependencies = [
 "tinystr",
]

[[package]]
name = "unic-langid-macros"
version = "0.9.1"
source = "registry+https://github.com/rust-lang/crates.io-index"
checksum = "055e618bf694161ffff0466d95cef3e1a5edc59f6ba1888e97801f2b4ebdc4fe"
dependencies = [
 "proc-macro-hack",
 "tinystr",
 "unic-langid-impl",
 "unic-langid-macros-impl",
]

[[package]]
name = "unic-langid-macros-impl"
version = "0.9.1"
source = "registry+https://github.com/rust-lang/crates.io-index"
checksum = "1f5cdec05b907f4e2f6843f4354f4ce6a5bebe1a56df320a49134944477ce4d8"
dependencies = [
 "proc-macro-hack",
 "quote",
 "syn 1.0.109",
 "unic-langid-impl",
]

[[package]]
name = "unicode-ident"
version = "1.0.12"
source = "registry+https://github.com/rust-lang/crates.io-index"
checksum = "3354b9ac3fae1ff6755cb6db53683adb661634f67557942dea4facebec0fee4b"

[[package]]
name = "windows-sys"
version = "0.48.0"
source = "registry+https://github.com/rust-lang/crates.io-index"
checksum = "677d2418bec65e3338edb076e806bc1ec15693c5d0104683f2efe857f61056a9"
dependencies = [
 "windows-targets",
]

[[package]]
name = "windows-targets"
version = "0.48.5"
source = "registry+https://github.com/rust-lang/crates.io-index"
checksum = "9a2fa6e2155d7247be68c096456083145c183cbbbc2764150dda45a87197940c"
dependencies = [
 "windows_aarch64_gnullvm",
 "windows_aarch64_msvc",
 "windows_i686_gnu",
 "windows_i686_msvc",
 "windows_x86_64_gnu",
 "windows_x86_64_gnullvm",
 "windows_x86_64_msvc",
]

[[package]]
name = "windows_aarch64_gnullvm"
version = "0.48.5"
source = "registry+https://github.com/rust-lang/crates.io-index"
checksum = "2b38e32f0abccf9987a4e3079dfb67dcd799fb61361e53e2882c3cbaf0d905d8"

[[package]]
name = "windows_aarch64_msvc"
version = "0.48.5"
source = "registry+https://github.com/rust-lang/crates.io-index"
checksum = "dc35310971f3b2dbbf3f0690a219f40e2d9afcf64f9ab7cc1be722937c26b4bc"

[[package]]
name = "windows_i686_gnu"
version = "0.48.5"
source = "registry+https://github.com/rust-lang/crates.io-index"
checksum = "a75915e7def60c94dcef72200b9a8e58e5091744960da64ec734a6c6e9b3743e"

[[package]]
name = "windows_i686_msvc"
version = "0.48.5"
source = "registry+https://github.com/rust-lang/crates.io-index"
checksum = "8f55c233f70c4b27f66c523580f78f1004e8b5a8b659e05a4eb49d4166cca406"

[[package]]
name = "windows_x86_64_gnu"
version = "0.48.5"
source = "registry+https://github.com/rust-lang/crates.io-index"
checksum = "53d40abd2583d23e4718fddf1ebec84dbff8381c07cae67ff7768bbf19c6718e"

[[package]]
name = "windows_x86_64_gnullvm"
version = "0.48.5"
source = "registry+https://github.com/rust-lang/crates.io-index"
checksum = "0b7b52767868a23d5bab768e390dc5f5c55825b6d30b86c844ff2dc7414044cc"

[[package]]
name = "windows_x86_64_msvc"
version = "0.48.5"
source = "registry+https://github.com/rust-lang/crates.io-index"
checksum = "ed94fce61571a4006852b7389a063ab983c02eb1bb37b47f8272ce92d06d9538"
